
Microsoft Visual Studio Solution File, Format Version 12.00
# Visual Studio Version 16
VisualStudioVersion = 16.0.30114.105
MinimumVisualStudioVersion = 10.0.40219.1
Project("{FAE04EC0-301F-11D3-BF4B-00C04F79EFBC}") = "PrimeService", "PrimeService\PrimeService.csproj", "{921311BF-B679-4D0A-A2BE-4639DF3640FA}"
EndProject
Project("{FAE04EC0-301F-11D3-BF4B-00C04F79EFBC}") = "PrimeService.Tests", "PrimeService.Tests\PrimeService.Tests.csproj", "{6658635D-F5E9-47FE-B3F1-C7F383E2113F}"
EndProject
Global
	GlobalSection(SolutionConfigurationPlatforms) = preSolution
		Debug|Any CPU = Debug|Any CPU
		Debug|x64 = Debug|x64
		Debug|x86 = Debug|x86
		Release|Any CPU = Release|Any CPU
		Release|x64 = Release|x64
		Release|x86 = Release|x86
	EndGlobalSection
	GlobalSection(SolutionProperties) = preSolution
		HideSolutionNode = FALSE
	EndGlobalSection
	GlobalSection(ProjectConfigurationPlatforms) = postSolution
		{921311BF-B679-4D0A-A2BE-4639DF3640FA}.Debug|Any CPU.ActiveCfg = Debug|Any CPU
		{921311BF-B679-4D0A-A2BE-4639DF3640FA}.Debug|Any CPU.Build.0 = Debug|Any CPU
		{921311BF-B679-4D0A-A2BE-4639DF3640FA}.Debug|x64.ActiveCfg = Debug|Any CPU
		{921311BF-B679-4D0A-A2BE-4639DF3640FA}.Debug|x64.Build.0 = Debug|Any CPU
		{921311BF-B679-4D0A-A2BE-4639DF3640FA}.Debug|x86.ActiveCfg = Debug|Any CPU
		{921311BF-B679-4D0A-A2BE-4639DF3640FA}.Debug|x86.Build.0 = Debug|Any CPU
		{921311BF-B679-4D0A-A2BE-4639DF3640FA}.Release|Any CPU.ActiveCfg = Release|Any CPU
		{921311BF-B679-4D0A-A2BE-4639DF3640FA}.Release|Any CPU.Build.0 = Release|Any CPU
		{921311BF-B679-4D0A-A2BE-4639DF3640FA}.Release|x64.ActiveCfg = Release|Any CPU
		{921311BF-B679-4D0A-A2BE-4639DF3640FA}.Release|x64.Build.0 = Release|Any CPU
		{921311BF-B679-4D0A-A2BE-4639DF3640FA}.Release|x86.ActiveCfg = Release|Any CPU
		{921311BF-B679-4D0A-A2BE-4639DF3640FA}.Release|x86.Build.0 = Release|Any CPU
		{6658635D-F5E9-47FE-B3F1-C7F383E2113F}.Debug|Any CPU.ActiveCfg = Debug|Any CPU
		{6658635D-F5E9-47FE-B3F1-C7F383E2113F}.Debug|Any CPU.Build.0 = Debug|Any CPU
		{6658635D-F5E9-47FE-B3F1-C7F383E2113F}.Debug|x64.ActiveCfg = Debug|Any CPU
		{6658635D-F5E9-47FE-B3F1-C7F383E2113F}.Debug|x64.Build.0 = Debug|Any CPU
		{6658635D-F5E9-47FE-B3F1-C7F383E2113F}.Debug|x86.ActiveCfg = Debug|Any CPU
		{6658635D-F5E9-47FE-B3F1-C7F383E2113F}.Debug|x86.Build.0 = Debug|Any CPU
		{6658635D-F5E9-47FE-B3F1-C7F383E2113F}.Release|Any CPU.ActiveCfg = Release|Any CPU
		{6658635D-F5E9-47FE-B3F1-C7F383E2113F}.Release|Any CPU.Build.0 = Release|Any CPU
		{6658635D-F5E9-47FE-B3F1-C7F383E2113F}.Release|x64.ActiveCfg = Release|Any CPU
		{6658635D-F5E9-47FE-B3F1-C7F383E2113F}.Release|x64.Build.0 = Release|Any CPU
		{6658635D-F5E9-47FE-B3F1-C7F383E2113F}.Release|x86.ActiveCfg = Release|Any CPU
		{6658635D-F5E9-47FE-B3F1-C7F383E2113F}.Release|x86.Build.0 = Release|Any CPU
	EndGlobalSection
EndGlobal
